
Microsoft Visual Studio Solution File, Format Version 12.00
Project("{FAE04EC0-301F-11D3-BF4B-00C04F79EFBC}") = "NewTypeConstraintGenerator", "NewTypeConstraintGenerator\NewTypeConstraintGenerator.csproj", "{97EEFC46-1112-4A89-B108-49A6493607F2}"
EndProject
Project("{FAE04EC0-301F-11D3-BF4B-00C04F79EFBC}") = "VSharp.CSharpUtils", "..\VSharp\VSharp.CSharpUtils\VSharp.CSharpUtils.csproj", "{76CA177E-A3CC-4B51-A1A4-B6BDBDB14A27}"
EndProject
Project("{F2A71F9B-5D33-465A-A702-920D77279786}") = "VSharp.InternalCalls", "..\VSharp\VSharp.InternalCalls\VSharp.InternalCalls.fsproj", "{6E7910C5-08F2-4034-AFD3-B352E89C795E}"
EndProject
Project("{F2A71F9B-5D33-465A-A702-920D77279786}") = "VSharp.SILI", "..\VSharp\VSharp.SILI\VSharp.SILI.fsproj", "{57D923BD-D044-487A-ADBD-1516BD06D82C}"
EndProject
Project("{F2A71F9B-5D33-465A-A702-920D77279786}") = "VSharp.SILI.Core", "..\VSharp\VSharp.SILI.Core\VSharp.SILI.Core.fsproj", "{CE791B92-B691-4E8B-B966-B042AA98DDAE}"
EndProject
Project("{F2A71F9B-5D33-465A-A702-920D77279786}") = "VSharp.Solver", "..\VSharp\VSharp.Solver\VSharp.Solver.fsproj", "{B9261F22-0F51-4ECE-90E3-41F0B243D38B}"
EndProject
Project("{FAE04EC0-301F-11D3-BF4B-00C04F79EFBC}") = "VSharp.Test", "..\VSharp\VSharp.Test\VSharp.Test.csproj", "{B5C1402A-CCFD-4B18-B4A1-9577A0BBB74A}"
EndProject
Project("{F2A71F9B-5D33-465A-A702-920D77279786}") = "VSharp.Utils", "..\VSharp\VSharp.Utils\VSharp.Utils.fsproj", "{A42E599B-3F29-44B7-AEB6-7D4A767277EE}"
EndProject
Global
	GlobalSection(SolutionConfigurationPlatforms) = preSolution
		Debug|Any CPU = Debug|Any CPU
		Release|Any CPU = Release|Any CPU
	EndGlobalSection
	GlobalSection(ProjectConfigurationPlatforms) = postSolution
		{97EEFC46-1112-4A89-B108-49A6493607F2}.Debug|Any CPU.ActiveCfg = Debug|Any CPU
		{97EEFC46-1112-4A89-B108-49A6493607F2}.Debug|Any CPU.Build.0 = Debug|Any CPU
		{97EEFC46-1112-4A89-B108-49A6493607F2}.Release|Any CPU.ActiveCfg = Release|Any CPU
		{97EEFC46-1112-4A89-B108-49A6493607F2}.Release|Any CPU.Build.0 = Release|Any CPU
		{76CA177E-A3CC-4B51-A1A4-B6BDBDB14A27}.Debug|Any CPU.ActiveCfg = Debug|Any CPU
		{76CA177E-A3CC-4B51-A1A4-B6BDBDB14A27}.Debug|Any CPU.Build.0 = Debug|Any CPU
		{76CA177E-A3CC-4B51-A1A4-B6BDBDB14A27}.Release|Any CPU.ActiveCfg = Release|Any CPU
		{76CA177E-A3CC-4B51-A1A4-B6BDBDB14A27}.Release|Any CPU.Build.0 = Release|Any CPU
		{6E7910C5-08F2-4034-AFD3-B352E89C795E}.Debug|Any CPU.ActiveCfg = Debug|Any CPU
		{6E7910C5-08F2-4034-AFD3-B352E89C795E}.Debug|Any CPU.Build.0 = Debug|Any CPU
		{6E7910C5-08F2-4034-AFD3-B352E89C795E}.Release|Any CPU.ActiveCfg = Release|Any CPU
		{6E7910C5-08F2-4034-AFD3-B352E89C795E}.Release|Any CPU.Build.0 = Release|Any CPU
		{57D923BD-D044-487A-ADBD-1516BD06D82C}.Debug|Any CPU.ActiveCfg = Debug|Any CPU
		{57D923BD-D044-487A-ADBD-1516BD06D82C}.Debug|Any CPU.Build.0 = Debug|Any CPU
		{57D923BD-D044-487A-ADBD-1516BD06D82C}.Release|Any CPU.ActiveCfg = Release|Any CPU
		{57D923BD-D044-487A-ADBD-1516BD06D82C}.Release|Any CPU.Build.0 = Release|Any CPU
		{CE791B92-B691-4E8B-B966-B042AA98DDAE}.Debug|Any CPU.ActiveCfg = Debug|Any CPU
		{CE791B92-B691-4E8B-B966-B042AA98DDAE}.Debug|Any CPU.Build.0 = Debug|Any CPU
		{CE791B92-B691-4E8B-B966-B042AA98DDAE}.Release|Any CPU.ActiveCfg = Release|Any CPU
		{CE791B92-B691-4E8B-B966-B042AA98DDAE}.Release|Any CPU.Build.0 = Release|Any CPU
		{B9261F22-0F51-4ECE-90E3-41F0B243D38B}.Debug|Any CPU.ActiveCfg = Debug|Any CPU
		{B9261F22-0F51-4ECE-90E3-41F0B243D38B}.Debug|Any CPU.Build.0 = Debug|Any CPU
		{B9261F22-0F51-4ECE-90E3-41F0B243D38B}.Release|Any CPU.ActiveCfg = Release|Any CPU
		{B9261F22-0F51-4ECE-90E3-41F0B243D38B}.Release|Any CPU.Build.0 = Release|Any CPU
		{B5C1402A-CCFD-4B18-B4A1-9577A0BBB74A}.Debug|Any CPU.ActiveCfg = Debug|Any CPU
		{B5C1402A-CCFD-4B18-B4A1-9577A0BBB74A}.Debug|Any CPU.Build.0 = Debug|Any CPU
		{B5C1402A-CCFD-4B18-B4A1-9577A0BBB74A}.Release|Any CPU.ActiveCfg = Release|Any CPU
		{B5C1402A-CCFD-4B18-B4A1-9577A0BBB74A}.Release|Any CPU.Build.0 = Release|Any CPU
		{A42E599B-3F29-44B7-AEB6-7D4A767277EE}.Debug|Any CPU.ActiveCfg = Debug|Any CPU
		{A42E599B-3F29-44B7-AEB6-7D4A767277EE}.Debug|Any CPU.Build.0 = Debug|Any CPU
		{A42E599B-3F29-44B7-AEB6-7D4A767277EE}.Release|Any CPU.ActiveCfg = Release|Any CPU
		{A42E599B-3F29-44B7-AEB6-7D4A767277EE}.Release|Any CPU.Build.0 = Release|Any CPU
	EndGlobalSection
EndGlobal
